
Microsoft Visual Studio Solution File, Format Version 12.00
# Visual Studio Version 17
VisualStudioVersion = 17.7.34031.279
MinimumVisualStudioVersion = 10.0.40219.1
Project("{FAE04EC0-301F-11D3-BF4B-00C04F79EFBC}") = "EntityFrameWorkCore", "EntifyFrameWorkCore\EntityFrameWorkCore.csproj", "{A372A9C4-2D1A-4408-A938-6D26898F9B20}"
EndProject
Global
	GlobalSection(SolutionConfigurationPlatforms) = preSolution
		Debug|Any CPU = Debug|Any CPU
		Release|Any CPU = Release|Any CPU
	EndGlobalSection
	GlobalSection(ProjectConfigurationPlatforms) = postSolution
		{A372A9C4-2D1A-4408-A938-6D26898F9B20}.Debug|Any CPU.ActiveCfg = Debug|Any CPU
		{A372A9C4-2D1A-4408-A938-6D26898F9B20}.Debug|Any CPU.Build.0 = Debug|Any CPU
		{A372A9C4-2D1A-4408-A938-6D26898F9B20}.Release|Any CPU.ActiveCfg = Release|Any CPU
		{A372A9C4-2D1A-4408-A938-6D26898F9B20}.Release|Any CPU.Build.0 = Release|Any CPU
	EndGlobalSection
	GlobalSection(SolutionProperties) = preSolution
		HideSolutionNode = FALSE
	EndGlobalSection
	GlobalSection(ExtensibilityGlobals) = postSolution
		SolutionGuid = {7C4D7BDE-4EF7-43EC-8105-925646051BFE}
	EndGlobalSection
EndGlobal
